
Microsoft Visual Studio Solution File, Format Version 12.00
# Visual Studio Version 17
VisualStudioVersion = 17.0.31903.59
MinimumVisualStudioVersion = 10.0.40219.1
Project("{2150E333-8FDC-42A3-9474-1A3956D46DE8}") = "src", "src", "{84A03636-DA90-4228-8B3A-F639B72E1E73}"
EndProject
Project("{FAE04EC0-301F-11D3-BF4B-00C04F79EFBC}") = "Pandorax.Loqate", "src\Loqate\Pandorax.Loqate.csproj", "{B96CD493-9350-4057-9106-AB57437F81BF}"
EndProject
Global
	GlobalSection(SolutionConfigurationPlatforms) = preSolution
		Debug|Any CPU = Debug|Any CPU
		Release|Any CPU = Release|Any CPU
	EndGlobalSection
	GlobalSection(SolutionProperties) = preSolution
		HideSolutionNode = FALSE
	EndGlobalSection
	GlobalSection(ProjectConfigurationPlatforms) = postSolution
		{B96CD493-9350-4057-9106-AB57437F81BF}.Debug|Any CPU.ActiveCfg = Debug|Any CPU
		{B96CD493-9350-4057-9106-AB57437F81BF}.Debug|Any CPU.Build.0 = Debug|Any CPU
		{B96CD493-9350-4057-9106-AB57437F81BF}.Release|Any CPU.ActiveCfg = Release|Any CPU
		{B96CD493-9350-4057-9106-AB57437F81BF}.Release|Any CPU.Build.0 = Release|Any CPU
	EndGlobalSection
	GlobalSection(NestedProjects) = preSolution
		{B96CD493-9350-4057-9106-AB57437F81BF} = {84A03636-DA90-4228-8B3A-F639B72E1E73}
	EndGlobalSection
EndGlobal
